
Microsoft Visual Studio Solution File, Format Version 12.00
# Visual Studio Version 16
VisualStudioVersion = 16.0.31424.327
MinimumVisualStudioVersion = 10.0.40219.1
Project("{8BC9CEB8-8B4A-11D0-8D11-00A0C91BC942}") = "uTasker_BM", "uTaskerBoot.vcxproj", "{0E9D41E1-33BA-4CF4-B6DA-F17ECE8CDCEB}"
EndProject
Global
	GlobalSection(SolutionConfigurationPlatforms) = preSolution
		uTaskerBoot_Kinetis plus GCC build|Win32 = uTaskerBoot_Kinetis plus GCC build|Win32
		uTaskerBoot_Kinetis|Win32 = uTaskerBoot_Kinetis|Win32
		uTaskerBoot_STM32 plus GCC build|Win32 = uTaskerBoot_STM32 plus GCC build|Win32
		uTaskerBoot_STM32|Win32 = uTaskerBoot_STM32|Win32
	EndGlobalSection
	GlobalSection(ProjectConfigurationPlatforms) = postSolution
		{0E9D41E1-33BA-4CF4-B6DA-F17ECE8CDCEB}.uTaskerBoot_Kinetis plus GCC build|Win32.ActiveCfg = Win32 Debug and GNU target|Win32
		{0E9D41E1-33BA-4CF4-B6DA-F17ECE8CDCEB}.uTaskerBoot_Kinetis plus GCC build|Win32.Build.0 = Win32 Debug and GNU target|Win32
		{0E9D41E1-33BA-4CF4-B6DA-F17ECE8CDCEB}.uTaskerBoot_Kinetis|Win32.ActiveCfg = Debug|Win32
		{0E9D41E1-33BA-4CF4-B6DA-F17ECE8CDCEB}.uTaskerBoot_Kinetis|Win32.Build.0 = Debug|Win32
		{0E9D41E1-33BA-4CF4-B6DA-F17ECE8CDCEB}.uTaskerBoot_STM32 plus GCC build|Win32.ActiveCfg = uTaskerBoot_STM32 plus GCC build|Win32
		{0E9D41E1-33BA-4CF4-B6DA-F17ECE8CDCEB}.uTaskerBoot_STM32 plus GCC build|Win32.Build.0 = uTaskerBoot_STM32 plus GCC build|Win32
		{0E9D41E1-33BA-4CF4-B6DA-F17ECE8CDCEB}.uTaskerBoot_STM32|Win32.ActiveCfg = uTaskerBoot_STM32|Win32
		{0E9D41E1-33BA-4CF4-B6DA-F17ECE8CDCEB}.uTaskerBoot_STM32|Win32.Build.0 = uTaskerBoot_STM32|Win32
	EndGlobalSection
	GlobalSection(SolutionProperties) = preSolution
		HideSolutionNode = FALSE
	EndGlobalSection
	GlobalSection(ExtensibilityGlobals) = postSolution
		SolutionGuid = {EA3B9D94-8E3A-40CB-BD14-CBCF4DC7A584}
	EndGlobalSection
EndGlobal
