
Microsoft Visual Studio Solution File, Format Version 12.00
# Visual Studio 14
VisualStudioVersion = 14.0.25420.1
MinimumVisualStudioVersion = 10.0.40219.1
Project("{8BC9CEB8-8B4A-11D0-8D11-00A0C91BC942}") = "uTaskerSerialLoader", "uTaskerSerialBoot.vcxproj", "{1542481E-DEFD-45D3-9CF4-0565D976C143}"
EndProject
Global
	GlobalSection(SolutionConfigurationPlatforms) = preSolution
		uTasker Kinetis plus GNU build|Win32 = uTasker Kinetis plus GNU build|Win32
		uTasker Kinetis|Win32 = uTasker Kinetis|Win32
		uTasker STM32 plus GNU build|Win32 = uTasker STM32 plus GNU build|Win32
		uTasker STM32|Win32 = uTasker STM32|Win32
	EndGlobalSection
	GlobalSection(ProjectConfigurationPlatforms) = postSolution
		{1542481E-DEFD-45D3-9CF4-0565D976C143}.uTasker Kinetis plus GNU build|Win32.ActiveCfg = uTasker Kinetis plus GNU build|Win32
		{1542481E-DEFD-45D3-9CF4-0565D976C143}.uTasker Kinetis plus GNU build|Win32.Build.0 = uTasker Kinetis plus GNU build|Win32
		{1542481E-DEFD-45D3-9CF4-0565D976C143}.uTasker Kinetis|Win32.ActiveCfg = uTasker Kinetis|Win32
		{1542481E-DEFD-45D3-9CF4-0565D976C143}.uTasker Kinetis|Win32.Build.0 = uTasker Kinetis|Win32
		{1542481E-DEFD-45D3-9CF4-0565D976C143}.uTasker STM32 plus GNU build|Win32.ActiveCfg = uTasker STM32 plus GNU build|Win32
		{1542481E-DEFD-45D3-9CF4-0565D976C143}.uTasker STM32 plus GNU build|Win32.Build.0 = uTasker STM32 plus GNU build|Win32
		{1542481E-DEFD-45D3-9CF4-0565D976C143}.uTasker STM32|Win32.ActiveCfg = uTasker STM32|Win32
		{1542481E-DEFD-45D3-9CF4-0565D976C143}.uTasker STM32|Win32.Build.0 = uTasker STM32|Win32
	EndGlobalSection
	GlobalSection(SolutionProperties) = preSolution
		HideSolutionNode = FALSE
	EndGlobalSection
EndGlobal
